
Microsoft Visual Studio Solution File, Format Version 12.00
# Visual Studio Version 17
VisualStudioVersion = 17.8.34525.116
MinimumVisualStudioVersion = 10.0.40219.1
Project("{FAE04EC0-301F-11D3-BF4B-00C04F79EFBC}") = "laba3", "laba3\laba3.csproj", "{8FAA9D23-69EC-4129-9A4D-A5CE034BC5DA}"
EndProject
Global
	GlobalSection(SolutionConfigurationPlatforms) = preSolution
		Debug|Any CPU = Debug|Any CPU
		Release|Any CPU = Release|Any CPU
	EndGlobalSection
	GlobalSection(ProjectConfigurationPlatforms) = postSolution
		{8FAA9D23-69EC-4129-9A4D-A5CE034BC5DA}.Debug|Any CPU.ActiveCfg = Debug|Any CPU
		{8FAA9D23-69EC-4129-9A4D-A5CE034BC5DA}.Debug|Any CPU.Build.0 = Debug|Any CPU
		{8FAA9D23-69EC-4129-9A4D-A5CE034BC5DA}.Release|Any CPU.ActiveCfg = Release|Any CPU
		{8FAA9D23-69EC-4129-9A4D-A5CE034BC5DA}.Release|Any CPU.Build.0 = Release|Any CPU
	EndGlobalSection
	GlobalSection(SolutionProperties) = preSolution
		HideSolutionNode = FALSE
	EndGlobalSection
	GlobalSection(ExtensibilityGlobals) = postSolution
		SolutionGuid = {4048A4D5-B6D8-47EE-A813-1FF902C97B32}
	EndGlobalSection
EndGlobal
